
Microsoft Visual Studio Solution File, Format Version 12.00
# Visual Studio Version 17
VisualStudioVersion = 17.1.32228.430
MinimumVisualStudioVersion = 10.0.40219.1
Project("{FAE04EC0-301F-11D3-BF4B-00C04F79EFBC}") = "PXDoorControl", "PXDoorControl\PXDoorControl.csproj", "{5900107E-371B-4451-AAC8-B31F839AEC2D}"
EndProject
Global
	GlobalSection(SolutionConfigurationPlatforms) = preSolution
		Debug|Any CPU = Debug|Any CPU
		Release|Any CPU = Release|Any CPU
	EndGlobalSection
	GlobalSection(ProjectConfigurationPlatforms) = postSolution
		{5900107E-371B-4451-AAC8-B31F839AEC2D}.Debug|Any CPU.ActiveCfg = Debug|Any CPU
		{5900107E-371B-4451-AAC8-B31F839AEC2D}.Debug|Any CPU.Build.0 = Debug|Any CPU
		{5900107E-371B-4451-AAC8-B31F839AEC2D}.Release|Any CPU.ActiveCfg = Release|Any CPU
		{5900107E-371B-4451-AAC8-B31F839AEC2D}.Release|Any CPU.Build.0 = Release|Any CPU
	EndGlobalSection
	GlobalSection(SolutionProperties) = preSolution
		HideSolutionNode = FALSE
	EndGlobalSection
	GlobalSection(ExtensibilityGlobals) = postSolution
		SolutionGuid = {19CB0915-AE6D-4ABF-8E4B-4CCDC4FEE7BD}
	EndGlobalSection
EndGlobal
